
Microsoft Visual Studio Solution File, Format Version 12.00
# Visual Studio 2012
Project("{888888A0-9F3D-457C-B088-3A5042F75D52}") = "Crypto", "Crypto\Crypto.pyproj", "{D3F3120E-91DD-4E02-B677-BCFA8B0F40AB}"
EndProject
Global
	GlobalSection(SolutionConfigurationPlatforms) = preSolution
		Debug|Any CPU = Debug|Any CPU
		Release|Any CPU = Release|Any CPU
	EndGlobalSection
	GlobalSection(ProjectConfigurationPlatforms) = postSolution
		{D3F3120E-91DD-4E02-B677-BCFA8B0F40AB}.Debug|Any CPU.ActiveCfg = Debug|Any CPU
		{D3F3120E-91DD-4E02-B677-BCFA8B0F40AB}.Release|Any CPU.ActiveCfg = Release|Any CPU
	EndGlobalSection
	GlobalSection(SolutionProperties) = preSolution
		HideSolutionNode = FALSE
	EndGlobalSection
EndGlobal
